
Microsoft Visual Studio Solution File, Format Version 12.00
# Visual Studio Version 17
VisualStudioVersion = 17.8.34322.80
MinimumVisualStudioVersion = 10.0.40219.1
Project("{FAE04EC0-301F-11D3-BF4B-00C04F79EFBC}") = "Task_async_await", "Task_async_await\Task_async_await.csproj", "{656FC187-75CD-4208-8B3C-39F693BEA656}"
EndProject
Global
	GlobalSection(SolutionConfigurationPlatforms) = preSolution
		Debug|Any CPU = Debug|Any CPU
		Release|Any CPU = Release|Any CPU
	EndGlobalSection
	GlobalSection(ProjectConfigurationPlatforms) = postSolution
		{656FC187-75CD-4208-8B3C-39F693BEA656}.Debug|Any CPU.ActiveCfg = Debug|Any CPU
		{656FC187-75CD-4208-8B3C-39F693BEA656}.Debug|Any CPU.Build.0 = Debug|Any CPU
		{656FC187-75CD-4208-8B3C-39F693BEA656}.Release|Any CPU.ActiveCfg = Release|Any CPU
		{656FC187-75CD-4208-8B3C-39F693BEA656}.Release|Any CPU.Build.0 = Release|Any CPU
	EndGlobalSection
	GlobalSection(SolutionProperties) = preSolution
		HideSolutionNode = FALSE
	EndGlobalSection
	GlobalSection(ExtensibilityGlobals) = postSolution
		SolutionGuid = {4CB02397-343E-4D97-8D66-6210A7A92948}
	EndGlobalSection
EndGlobal
